
Microsoft Visual Studio Solution File, Format Version 12.00
# Visual Studio Version 16
VisualStudioVersion = 16.0.29728.190
MinimumVisualStudioVersion = 10.0.40219.1
Project("{9A19103F-16F7-4668-BE54-9A1E7A4F7556}") = "DiscordBeatSaberBot", "DiscordBeatSaberBot\DiscordBeatSaberBot.csproj", "{E2F5E3C4-6CC9-4FA9-9B42-51295F99E35D}"
EndProject
Project("{9A19103F-16F7-4668-BE54-9A1E7A4F7556}") = "DiscordBeatSaberBot.DataAccess", "DataAccess\DiscordBeatSaberBot.DataAccess.csproj", "{5148EB31-5010-4E61-853B-F2FFA7D92A4C}"
EndProject
Global
	GlobalSection(SolutionConfigurationPlatforms) = preSolution
		Debug|Any CPU = Debug|Any CPU
		Release|Any CPU = Release|Any CPU
	EndGlobalSection
	GlobalSection(ProjectConfigurationPlatforms) = postSolution
		{E2F5E3C4-6CC9-4FA9-9B42-51295F99E35D}.Debug|Any CPU.ActiveCfg = Debug|Any CPU
		{E2F5E3C4-6CC9-4FA9-9B42-51295F99E35D}.Debug|Any CPU.Build.0 = Debug|Any CPU
		{E2F5E3C4-6CC9-4FA9-9B42-51295F99E35D}.Release|Any CPU.ActiveCfg = Release|Any CPU
		{E2F5E3C4-6CC9-4FA9-9B42-51295F99E35D}.Release|Any CPU.Build.0 = Release|Any CPU
		{5148EB31-5010-4E61-853B-F2FFA7D92A4C}.Debug|Any CPU.ActiveCfg = Debug|Any CPU
		{5148EB31-5010-4E61-853B-F2FFA7D92A4C}.Debug|Any CPU.Build.0 = Debug|Any CPU
		{5148EB31-5010-4E61-853B-F2FFA7D92A4C}.Release|Any CPU.ActiveCfg = Release|Any CPU
		{5148EB31-5010-4E61-853B-F2FFA7D92A4C}.Release|Any CPU.Build.0 = Release|Any CPU
	EndGlobalSection
	GlobalSection(SolutionProperties) = preSolution
		HideSolutionNode = FALSE
	EndGlobalSection
	GlobalSection(ExtensibilityGlobals) = postSolution
		SolutionGuid = {D6089AF4-2250-4F9F-AB48-5800CB8A9FB2}
	EndGlobalSection
EndGlobal
